
Microsoft Visual Studio Solution File, Format Version 12.00
# Visual Studio Version 17
VisualStudioVersion = 17.0.31717.71
MinimumVisualStudioVersion = 10.0.40219.1
Project("{9A19103F-16F7-4668-BE54-9A1E7A4F7556}") = "ASIST-Web-API", "ASIST-Web-API.csproj", "{834417F8-1CEF-4F1C-9E7F-634E195E02F7}"
EndProject
Project("{9A19103F-16F7-4668-BE54-9A1E7A4F7556}") = "DAL", "..\DAL\DAL.csproj", "{59CE1EC6-E0F0-4B95-A669-0BBFA6D4295B}"
EndProject
Project("{9A19103F-16F7-4668-BE54-9A1E7A4F7556}") = "Domain", "..\Domain\Domain.csproj", "{7BDCD939-CFD6-475B-BDFA-FE3BC146B592}"
EndProject
Project("{9A19103F-16F7-4668-BE54-9A1E7A4F7556}") = "ServiceLayer", "..\ServiceLayer\ServiceLayer.csproj", "{DF7512B9-BAB4-468F-80F3-EBF6A1C3AED5}"
EndProject
Project("{9A19103F-16F7-4668-BE54-9A1E7A4F7556}") = "Test", "..\Test\Test.csproj", "{DFFA4555-E517-4836-85DA-43BABB13C73D}"
EndProject
Global
	GlobalSection(SolutionConfigurationPlatforms) = preSolution
		Debug|Any CPU = Debug|Any CPU
		Release|Any CPU = Release|Any CPU
	EndGlobalSection
	GlobalSection(ProjectConfigurationPlatforms) = postSolution
		{834417F8-1CEF-4F1C-9E7F-634E195E02F7}.Debug|Any CPU.ActiveCfg = Debug|Any CPU
		{834417F8-1CEF-4F1C-9E7F-634E195E02F7}.Debug|Any CPU.Build.0 = Debug|Any CPU
		{834417F8-1CEF-4F1C-9E7F-634E195E02F7}.Release|Any CPU.ActiveCfg = Release|Any CPU
		{834417F8-1CEF-4F1C-9E7F-634E195E02F7}.Release|Any CPU.Build.0 = Release|Any CPU
		{59CE1EC6-E0F0-4B95-A669-0BBFA6D4295B}.Debug|Any CPU.ActiveCfg = Debug|Any CPU
		{59CE1EC6-E0F0-4B95-A669-0BBFA6D4295B}.Debug|Any CPU.Build.0 = Debug|Any CPU
		{59CE1EC6-E0F0-4B95-A669-0BBFA6D4295B}.Release|Any CPU.ActiveCfg = Release|Any CPU
		{59CE1EC6-E0F0-4B95-A669-0BBFA6D4295B}.Release|Any CPU.Build.0 = Release|Any CPU
		{7BDCD939-CFD6-475B-BDFA-FE3BC146B592}.Debug|Any CPU.ActiveCfg = Debug|Any CPU
		{7BDCD939-CFD6-475B-BDFA-FE3BC146B592}.Debug|Any CPU.Build.0 = Debug|Any CPU
		{7BDCD939-CFD6-475B-BDFA-FE3BC146B592}.Release|Any CPU.ActiveCfg = Release|Any CPU
		{7BDCD939-CFD6-475B-BDFA-FE3BC146B592}.Release|Any CPU.Build.0 = Release|Any CPU
		{DF7512B9-BAB4-468F-80F3-EBF6A1C3AED5}.Debug|Any CPU.ActiveCfg = Debug|Any CPU
		{DF7512B9-BAB4-468F-80F3-EBF6A1C3AED5}.Debug|Any CPU.Build.0 = Debug|Any CPU
		{DF7512B9-BAB4-468F-80F3-EBF6A1C3AED5}.Release|Any CPU.ActiveCfg = Release|Any CPU
		{DF7512B9-BAB4-468F-80F3-EBF6A1C3AED5}.Release|Any CPU.Build.0 = Release|Any CPU
		{DFFA4555-E517-4836-85DA-43BABB13C73D}.Debug|Any CPU.ActiveCfg = Debug|Any CPU
		{DFFA4555-E517-4836-85DA-43BABB13C73D}.Debug|Any CPU.Build.0 = Debug|Any CPU
		{DFFA4555-E517-4836-85DA-43BABB13C73D}.Release|Any CPU.ActiveCfg = Release|Any CPU
		{DFFA4555-E517-4836-85DA-43BABB13C73D}.Release|Any CPU.Build.0 = Release|Any CPU
	EndGlobalSection
	GlobalSection(SolutionProperties) = preSolution
		HideSolutionNode = FALSE
	EndGlobalSection
	GlobalSection(ExtensibilityGlobals) = postSolution
		SolutionGuid = {F85E14C3-3C2D-47BC-B8C3-E0124AEFC486}
	EndGlobalSection
EndGlobal
